
Microsoft Visual Studio Solution File, Format Version 12.00
# Visual Studio Version 17
VisualStudioVersion = 17.0.31912.275
MinimumVisualStudioVersion = 10.0.40219.1
Project("{FAE04EC0-301F-11D3-BF4B-00C04F79EFBC}") = "PortalAukcyjny", "PortalAukcyjny\PortalAukcyjny.csproj", "{08351AE3-E19B-4D3E-88AD-6716F09E7438}"
EndProject
Global
	GlobalSection(SolutionConfigurationPlatforms) = preSolution
		Debug|Any CPU = Debug|Any CPU
		Release|Any CPU = Release|Any CPU
	EndGlobalSection
	GlobalSection(ProjectConfigurationPlatforms) = postSolution
		{08351AE3-E19B-4D3E-88AD-6716F09E7438}.Debug|Any CPU.ActiveCfg = Debug|Any CPU
		{08351AE3-E19B-4D3E-88AD-6716F09E7438}.Debug|Any CPU.Build.0 = Debug|Any CPU
		{08351AE3-E19B-4D3E-88AD-6716F09E7438}.Release|Any CPU.ActiveCfg = Release|Any CPU
		{08351AE3-E19B-4D3E-88AD-6716F09E7438}.Release|Any CPU.Build.0 = Release|Any CPU
	EndGlobalSection
	GlobalSection(SolutionProperties) = preSolution
		HideSolutionNode = FALSE
	EndGlobalSection
	GlobalSection(ExtensibilityGlobals) = postSolution
		SolutionGuid = {647DEE2A-3C35-410F-A588-37D22C94E5C0}
	EndGlobalSection
EndGlobal
